// !$*UTF8*$!
{
	archiveVersion = 1;
	classes = {
	};
	objectVersion = 77;
	objects = {

/* Begin PBXBuildFile section */
		AE41FA202DB7BC4B00C47B5B /* KaiWatch Watch App.app in Embed Watch Content */ = {isa = PBXBuildFile; fileRef = AE41FA1F2DB7BC4B00C47B5B /* KaiWatch Watch App.app */; settings = {ATTRIBUTES = (RemoveHeadersOnCopy, ); }; };
		AE721A7B2DB7CD34002DA913 /* SocketIO in Frameworks */ = {isa = PBXBuildFile; productRef = AE721A7A2DB7CD34002DA913 /* SocketIO */; };
/* End PBXBuildFile section */

/* Begin PBXContainerItemProxy section */
		AE41FA212DB7BC4B00C47B5B /* PBXContainerItemProxy */ = {
			isa = PBXContainerItemProxy;
			containerPortal = AE41FA132DB7BC4B00C47B5B /* Project object */;
			proxyType = 1;
			remoteGlobalIDString = AE41FA1E2DB7BC4B00C47B5B;
			remoteInfo = "KaiWatch Watch App";
		};
/* End PBXContainerItemProxy section */

/* Begin PBXCopyFilesBuildPhase section */
		AE41FA322DB7BC4C00C47B5B /* Embed Watch Content */ = {
			isa = PBXCopyFilesBuildPhase;
			buildActionMask = 2147483647;
			dstPath = "$(CONTENTS_FOLDER_PATH)/Watch";
			dstSubfolderSpec = 16;
			files = (
				AE41FA202DB7BC4B00C47B5B /* KaiWatch Watch App.app in Embed Watch Content */,
			);
			name = "Embed Watch Content";
			runOnlyForDeploymentPostprocessing = 0;
		};
/* End PBXCopyFilesBuildPhase section */

/* Begin PBXFileReference section */
		AE41FA192DB7BC4B00C47B5B /* KaiWatch.app */ = {isa = PBXFileReference; explicitFileType = wrapper.application; includeInIndex = 0; path = KaiWatch.app; sourceTree = BUILT_PRODUCTS_DIR; };
		AE41FA1F2DB7BC4B00C47B5B /* KaiWatch Watch App.app */ = {isa = PBXFileReference; explicitFileType = wrapper.application; includeInIndex = 0; path = "KaiWatch Watch App.app"; sourceTree = BUILT_PRODUCTS_DIR; };
/* End PBXFileReference section */

/* Begin PBXFileSystemSynchronizedRootGroup section */
		AE41FA232DB7BC4B00C47B5B /* KaiWatch Watch App */ = {
			isa = PBXFileSystemSynchronizedRootGroup;
			path = "KaiWatch Watch App";
			sourceTree = "<group>";
		};
/* End PBXFileSystemSynchronizedRootGroup section */

/* Begin PBXFrameworksBuildPhase section */
		AE41FA1C2DB7BC4B00C47B5B /* Frameworks */ = {
			isa = PBXFrameworksBuildPhase;
			buildActionMask = 2147483647;
			files = (
				AE721A7B2DB7CD34002DA913 /* SocketIO in Frameworks */,
			);
			runOnlyForDeploymentPostprocessing = 0;
		};
/* End PBXFrameworksBuildPhase section */

/* Begin PBXGroup section */
		AE41FA122DB7BC4B00C47B5B = {
			isa = PBXGroup;
			children = (
				AE41FA232DB7BC4B00C47B5B /* KaiWatch Watch App */,
				AE41FA1A2DB7BC4B00C47B5B /* Products */,
			);
			sourceTree = "<group>";
		};
		AE41FA1A2DB7BC4B00C47B5B /* Products */ = {
			isa = PBXGroup;
			children = (
				AE41FA192DB7BC4B00C47B5B /* KaiWatch.app */,
				AE41FA1F2DB7BC4B00C47B5B /* KaiWatch Watch App.app */,
			);
			name = Products;
			sourceTree = "<group>";
		};
/* End PBXGroup section */

/* Begin PBXNativeTarget section */
		AE41FA182DB7BC4B00C47B5B /* KaiWatch */ = {
			isa = PBXNativeTarget;
			buildConfigurationList = AE41FA332DB7BC4C00C47B5B /* Build configuration list for PBXNativeTarget "KaiWatch" */;
			buildPhases = (
				AE41FA172DB7BC4B00C47B5B /* Resources */,
				AE41FA322DB7BC4C00C47B5B /* Embed Watch Content */,
			);
			buildRules = (
			);
			dependencies = (
				AE41FA222DB7BC4B00C47B5B /* PBXTargetDependency */,
			);
			name = KaiWatch;
			packageProductDependencies = (
			);
			productName = KaiWatch;
			productReference = AE41FA192DB7BC4B00C47B5B /* KaiWatch.app */;
			productType = "com.apple.product-type.application.watchapp2-container";
		};
		AE41FA1E2DB7BC4B00C47B5B /* KaiWatch Watch App */ = {
			isa = PBXNativeTarget;
			buildConfigurationList = AE41FA2F2DB7BC4C00C47B5B /* Build configuration list for PBXNativeTarget "KaiWatch Watch App" */;
			buildPhases = (
				AE41FA1B2DB7BC4B00C47B5B /* Sources */,
				AE41FA1C2DB7BC4B00C47B5B /* Frameworks */,
				AE41FA1D2DB7BC4B00C47B5B /* Resources */,
			);
			buildRules = (
			);
			dependencies = (
			);
			fileSystemSynchronizedGroups = (
				AE41FA232DB7BC4B00C47B5B /* KaiWatch Watch App */,
			);
			name = "KaiWatch Watch App";
			packageProductDependencies = (
				AE721A7A2DB7CD34002DA913 /* SocketIO */,
			);
			productName = "KaiWatch Watch App";
			productReference = AE41FA1F2DB7BC4B00C47B5B /* KaiWatch Watch App.app */;
			productType = "com.apple.product-type.application";
		};
/* End PBXNativeTarget section */

/* Begin PBXProject section */
		AE41FA132DB7BC4B00C47B5B /* Project object */ = {
			isa = PBXProject;
			attributes = {
				BuildIndependentTargetsInParallel = 1;
				LastSwiftUpdateCheck = 1620;
				LastUpgradeCheck = 1620;
				TargetAttributes = {
					AE41FA182DB7BC4B00C47B5B = {
						CreatedOnToolsVersion = 16.2;
					};
					AE41FA1E2DB7BC4B00C47B5B = {
						CreatedOnToolsVersion = 16.2;
					};
				};
			};
			buildConfigurationList = AE41FA162DB7BC4B00C47B5B /* Build configuration list for PBXProject "KaiWatch" */;
			developmentRegion = en;
			hasScannedForEncodings = 0;
			knownRegions = (
				en,
				Base,
			);
			mainGroup = AE41FA122DB7BC4B00C47B5B;
			minimizedProjectReferenceProxies = 1;
			packageReferences = (
				AE721A792DB7CD34002DA913 /* XCRemoteSwiftPackageReference "socket" */,
			);
			preferredProjectObjectVersion = 77;
			productRefGroup = AE41FA1A2DB7BC4B00C47B5B /* Products */;
			projectDirPath = "";
			projectRoot = "";
			targets = (
				AE41FA182DB7BC4B00C47B5B /* KaiWatch */,
				AE41FA1E2DB7BC4B00C47B5B /* KaiWatch Watch App */,
			);
		};
/* End PBXProject section */

/* Begin PBXResourcesBuildPhase section */
		AE41FA172DB7BC4B00C47B5B /* Resources */ = {
			isa = PBXResourcesBuildPhase;
			buildActionMask = 2147483647;
			files = (
			);
			runOnlyForDeploymentPostprocessing = 0;
		};
		AE41FA1D2DB7BC4B00C47B5B /* Resources */ = {
			isa = PBXResourcesBuildPhase;
			buildActionMask = 2147483647;
			files = (
			);
			runOnlyForDeploymentPostprocessing = 0;
		};
/* End PBXResourcesBuildPhase section */

/* Begin PBXSourcesBuildPhase section */
		AE41FA1B2DB7BC4B00C47B5B /* Sources */ = {
			isa = PBXSourcesBuildPhase;
			buildActionMask = 2147483647;
			files = (
			);
			runOnlyForDeploymentPostprocessing = 0;
		};
/* End PBXSourcesBuildPhase section */

/* Begin PBXTargetDependency section */
		AE41FA222DB7BC4B00C47B5B /* PBXTargetDependency */ = {
			isa = PBXTargetDependency;
			target = AE41FA1E2DB7BC4B00C47B5B /* KaiWatch Watch App */;
			targetProxy = AE41FA212DB7BC4B00C47B5B /* PBXContainerItemProxy */;
		};
/* End PBXTargetDependency section */

/* Begin XCBuildConfiguration section */
		AE41FA2D2DB7BC4C00C47B5B /* Debug */ = {
			isa = XCBuildConfiguration;
			buildSettings = {
				ALWAYS_SEARCH_USER_PATHS = NO;
				ASSETCATALOG_COMPILER_GENERATE_SWIFT_ASSET_SYMBOL_EXTENSIONS = YES;
				CLANG_ANALYZER_NONNULL = YES;
				CLANG_ANALYZER_NUMBER_OBJECT_CONVERSION = YES_AGGRESSIVE;
				CLANG_CXX_LANGUAGE_STANDARD = "gnu++20";
				CLANG_ENABLE_MODULES = YES;
				CLANG_ENABLE_OBJC_ARC = YES;
				CLANG_ENABLE_OBJC_WEAK = YES;
				CLANG_WARN_BLOCK_CAPTURE_AUTORELEASING = YES;
				CLANG_WARN_BOOL_CONVERSION = YES;
				CLANG_WARN_COMMA = YES;
				CLANG_WARN_CONSTANT_CONVERSION = YES;
				CLANG_WARN_DEPRECATED_OBJC_IMPLEMENTATIONS = YES;
				CLANG_WARN_DIRECT_OBJC_ISA_USAGE = YES_ERROR;
				CLANG_WARN_DOCUMENTATION_COMMENTS = YES;
				CLANG_WARN_EMPTY_BODY = YES;
				CLANG_WARN_ENUM_CONVERSION = YES;
				CLANG_WARN_INFINITE_RECURSION = YES;
				CLANG_WARN_INT_CONVERSION = YES;
				CLANG_WARN_NON_LITERAL_NULL_CONVERSION = YES;
				CLANG_WARN_OBJC_IMPLICIT_RETAIN_SELF = YES;
				CLANG_WARN_OBJC_LITERAL_CONVERSION = YES;
				CLANG_WARN_OBJC_ROOT_CLASS = YES_ERROR;
				CLANG_WARN_QUOTED_INCLUDE_IN_FRAMEWORK_HEADER = YES;
				CLANG_WARN_RANGE_LOOP_ANALYSIS = YES;
				CLANG_WARN_STRICT_PROTOTYPES = YES;
				CLANG_WARN_SUSPICIOUS_MOVE = YES;
				CLANG_WARN_UNGUARDED_AVAILABILITY = YES_AGGRESSIVE;
				CLANG_WARN_UNREACHABLE_CODE = YES;
				CLANG_WARN__DUPLICATE_METHOD_MATCH = YES;
				COPY_PHASE_STRIP = NO;
				DEBUG_INFORMATION_FORMAT = dwarf;
				ENABLE_STRICT_OBJC_MSGSEND = YES;
				ENABLE_TESTABILITY = YES;
				ENABLE_USER_SCRIPT_SANDBOXING = YES;
				GCC_C_LANGUAGE_STANDARD = gnu17;
				GCC_DYNAMIC_NO_PIC = NO;
				GCC_NO_COMMON_BLOCKS = YES;
				GCC_OPTIMIZATION_LEVEL = 0;
				GCC_PREPROCESSOR_DEFINITIONS = (
					"DEBUG=1",
					"$(inherited)",
				);
				GCC_WARN_64_TO_32_BIT_CONVERSION = YES;
				GCC_WARN_ABOUT_RETURN_TYPE = YES_ERROR;
				GCC_WARN_UNDECLARED_SELECTOR = YES;
				GCC_WARN_UNINITIALIZED_AUTOS = YES_AGGRESSIVE;
				GCC_WARN_UNUSED_FUNCTION = YES;
				GCC_WARN_UNUSED_VARIABLE = YES;
				LOCALIZATION_PREFERS_STRING_CATALOGS = YES;
				MTL_ENABLE_DEBUG_INFO = INCLUDE_SOURCE;
				MTL_FAST_MATH = YES;
				ONLY_ACTIVE_ARCH = YES;
				SWIFT_ACTIVE_COMPILATION_CONDITIONS = "DEBUG $(inherited)";
				SWIFT_OPTIMIZATION_LEVEL = "-Onone";
			};
			name = Debug;
		};
		AE41FA2E2DB7BC4C00C47B5B /* Release */ = {
			isa = XCBuildConfiguration;
			buildSettings = {
				ALWAYS_SEARCH_USER_PATHS = NO;
				ASSETCATALOG_COMPILER_GENERATE_SWIFT_ASSET_SYMBOL_EXTENSIONS = YES;
				CLANG_ANALYZER_NONNULL = YES;
				CLANG_ANALYZER_NUMBER_OBJECT_CONVERSION = YES_AGGRESSIVE;
				CLANG_CXX_LANGUAGE_STANDARD = "gnu++20";
				CLANG_ENABLE_MODULES = YES;
				CLANG_ENABLE_OBJC_ARC = YES;
				CLANG_ENABLE_OBJC_WEAK = YES;
				CLANG_WARN_BLOCK_CAPTURE_AUTORELEASING = YES;
				CLANG_WARN_BOOL_CONVERSION = YES;
				CLANG_WARN_COMMA = YES;
				CLANG_WARN_CONSTANT_CONVERSION = YES;
				CLANG_WARN_DEPRECATED_OBJC_IMPLEMENTATIONS = YES;
				CLANG_WARN_DIRECT_OBJC_ISA_USAGE = YES_ERROR;
				CLANG_WARN_DOCUMENTATION_COMMENTS = YES;
				CLANG_WARN_EMPTY_BODY = YES;
				CLANG_WARN_ENUM_CONVERSION = YES;
				CLANG_WARN_INFINITE_RECURSION = YES;
				CLANG_WARN_INT_CONVERSION = YES;
				CLANG_WARN_NON_LITERAL_NULL_CONVERSION = YES;
				CLANG_WARN_OBJC_IMPLICIT_RETAIN_SELF = YES;
				CLANG_WARN_OBJC_LITERAL_CONVERSION = YES;
				CLANG_WARN_OBJC_ROOT_CLASS = YES_ERROR;
				CLANG_WARN_QUOTED_INCLUDE_IN_FRAMEWORK_HEADER = YES;
				CLANG_WARN_RANGE_LOOP_ANALYSIS = YES;
				CLANG_WARN_STRICT_PROTOTYPES = YES;
				CLANG_WARN_SUSPICIOUS_MOVE = YES;
				CLANG_WARN_UNGUARDED_AVAILABILITY = YES_AGGRESSIVE;
				CLANG_WARN_UNREACHABLE_CODE = YES;
				CLANG_WARN__DUPLICATE_METHOD_MATCH = YES;
				COPY_PHASE_STRIP = NO;
				DEBUG_INFORMATION_FORMAT = "dwarf-with-dsym";
				ENABLE_NS_ASSERTIONS = NO;
				ENABLE_STRICT_OBJC_MSGSEND = YES;
				ENABLE_USER_SCRIPT_SANDBOXING = YES;
				GCC_C_LANGUAGE_STANDARD = gnu17;
				GCC_NO_COMMON_BLOCKS = YES;
				GCC_WARN_64_TO_32_BIT_CONVERSION = YES;
				GCC_WARN_ABOUT_RETURN_TYPE = YES_ERROR;
				GCC_WARN_UNDECLARED_SELECTOR = YES;
				GCC_WARN_UNINITIALIZED_AUTOS = YES_AGGRESSIVE;
				GCC_WARN_UNUSED_FUNCTION = YES;
				GCC_WARN_UNUSED_VARIABLE = YES;
				LOCALIZATION_PREFERS_STRING_CATALOGS = YES;
				MTL_ENABLE_DEBUG_INFO = NO;
				MTL_FAST_MATH = YES;
				SWIFT_COMPILATION_MODE = wholemodule;
			};
			name = Release;
		};
		AE41FA302DB7BC4C00C47B5B /* Debug */ = {
			isa = XCBuildConfiguration;
			buildSettings = {
				ASSETCATALOG_COMPILER_APPICON_NAME = AppIcon;
				ASSETCATALOG_COMPILER_GLOBAL_ACCENT_COLOR_NAME = AccentColor;
				CODE_SIGN_ENTITLEMENTS = "KaiWatch Watch App/KaiWatch Watch App.entitlements";
				CODE_SIGN_STYLE = Automatic;
				CURRENT_PROJECT_VERSION = 1;
				DEVELOPMENT_ASSET_PATHS = "\"KaiWatch Watch App/Preview Content\"";
				DEVELOPMENT_TEAM = 95Y786BLN7;
				ENABLE_PREVIEWS = YES;
				GENERATE_INFOPLIST_FILE = YES;
				INFOPLIST_FILE = "KaiWatch-Watch-App-Info.plist";
				INFOPLIST_KEY_CFBundleDisplayName = KaiWatch;
				INFOPLIST_KEY_NSBluetoothAlwaysUsageDescription = "Quaternion Info";
				INFOPLIST_KEY_NSLocalNetworkUsageDescription = "This app needs access to the local network to connect to the game server";
				INFOPLIST_KEY_NSLocationAlwaysAndWhenInUseUsageDescription = "nneeed it";
				INFOPLIST_KEY_NSLocationWhenInUseUsageDescription = map;
				INFOPLIST_KEY_UISupportedInterfaceOrientations = "UIInterfaceOrientationPortrait UIInterfaceOrientationPortraitUpsideDown";
				INFOPLIST_KEY_WKWatchOnly = YES;
				LD_RUNPATH_SEARCH_PATHS = (
					"$(inherited)",
					"@executable_path/Frameworks",
				);
				MARKETING_VERSION = 1.0;
				PRODUCT_BUNDLE_IDENTIFIER = com.KaiSense.KaiWatch.watchkitappss;
				PRODUCT_NAME = "$(TARGET_NAME)";
				SDKROOT = watchos;
				SKIP_INSTALL = YES;
				SWIFT_EMIT_LOC_STRINGS = YES;
				SWIFT_VERSION = 5.0;
				TARGETED_DEVICE_FAMILY = 4;
				WATCHOS_DEPLOYMENT_TARGET = 10.6;
			};
			name = Debug;
		};
		AE41FA312DB7BC4C00C47B5B /* Release */ = {
			isa = XCBuildConfiguration;
			buildSettings = {
				ASSETCATALOG_COMPILER_APPICON_NAME = AppIcon;
				ASSETCATALOG_COMPILER_GLOBAL_ACCENT_COLOR_NAME = AccentColor;
				CODE_SIGN_ENTITLEMENTS = "KaiWatch Watch App/KaiWatch Watch App.entitlements";
				CODE_SIGN_STYLE = Automatic;
				CURRENT_PROJECT_VERSION = 1;
				DEVELOPMENT_ASSET_PATHS = "\"KaiWatch Watch App/Preview Content\"";
				DEVELOPMENT_TEAM = 95Y786BLN7;
				ENABLE_PREVIEWS = YES;
				GENERATE_INFOPLIST_FILE = YES;
				INFOPLIST_FILE = "KaiWatch-Watch-App-Info.plist";
				INFOPLIST_KEY_CFBundleDisplayName = KaiWatch;
				INFOPLIST_KEY_NSBluetoothAlwaysUsageDescription = "Quaternion Info";
				INFOPLIST_KEY_NSLocalNetworkUsageDescription = "This app needs access to the local network to connect to the game server";
				INFOPLIST_KEY_NSLocationAlwaysAndWhenInUseUsageDescription = "nneeed it";
				INFOPLIST_KEY_NSLocationWhenInUseUsageDescription = map;
				INFOPLIST_KEY_UISupportedInterfaceOrientations = "UIInterfaceOrientationPortrait UIInterfaceOrientationPortraitUpsideDown";
				INFOPLIST_KEY_WKWatchOnly = YES;
				LD_RUNPATH_SEARCH_PATHS = (
					"$(inherited)",
					"@executable_path/Frameworks",
				);
				MARKETING_VERSION = 1.0;
				PRODUCT_BUNDLE_IDENTIFIER = com.KaiSense.KaiWatch.watchkitappss;
				PRODUCT_NAME = "$(TARGET_NAME)";
				SDKROOT = watchos;
				SKIP_INSTALL = YES;
				SWIFT_EMIT_LOC_STRINGS = YES;
				SWIFT_VERSION = 5.0;
				TARGETED_DEVICE_FAMILY = 4;
				VALIDATE_PRODUCT = YES;
				WATCHOS_DEPLOYMENT_TARGET = 10.6;
			};
			name = Release;
		};
		AE41FA342DB7BC4C00C47B5B /* Debug */ = {
			isa = XCBuildConfiguration;
			buildSettings = {
				CODE_SIGN_STYLE = Automatic;
				CURRENT_PROJECT_VERSION = 1;
				DEVELOPMENT_TEAM = 95Y786BLN7;
				INFOPLIST_KEY_CFBundleDisplayName = KaiWatch;
				MARKETING_VERSION = 1.0;
				PRODUCT_BUNDLE_IDENTIFIER = com.KaiSense.KaiWatch;
				PRODUCT_NAME = "$(TARGET_NAME)";
				SDKROOT = iphoneos;
				SWIFT_VERSION = 5.0;
			};
			name = Debug;
		};
		AE41FA352DB7BC4C00C47B5B /* Release */ = {
			isa = XCBuildConfiguration;
			buildSettings = {
				CODE_SIGN_STYLE = Automatic;
				CURRENT_PROJECT_VERSION = 1;
				DEVELOPMENT_TEAM = 95Y786BLN7;
				INFOPLIST_KEY_CFBundleDisplayName = KaiWatch;
				MARKETING_VERSION = 1.0;
				PRODUCT_BUNDLE_IDENTIFIER = com.KaiSense.KaiWatch;
				PRODUCT_NAME = "$(TARGET_NAME)";
				SDKROOT = iphoneos;
				SWIFT_VERSION = 5.0;
				VALIDATE_PRODUCT = YES;
			};
			name = Release;
		};
/* End XCBuildConfiguration section */

/* Begin XCConfigurationList section */
		AE41FA162DB7BC4B00C47B5B /* Build configuration list for PBXProject "KaiWatch" */ = {
			isa = XCConfigurationList;
			buildConfigurations = (
				AE41FA2D2DB7BC4C00C47B5B /* Debug */,
				AE41FA2E2DB7BC4C00C47B5B /* Release */,
			);
			defaultConfigurationIsVisible = 0;
			defaultConfigurationName = Release;
		};
		AE41FA2F2DB7BC4C00C47B5B /* Build configuration list for PBXNativeTarget "KaiWatch Watch App" */ = {
			isa = XCConfigurationList;
			buildConfigurations = (
				AE41FA302DB7BC4C00C47B5B /* Debug */,
				AE41FA312DB7BC4C00C47B5B /* Release */,
			);
			defaultConfigurationIsVisible = 0;
			defaultConfigurationName = Release;
		};
		AE41FA332DB7BC4C00C47B5B /* Build configuration list for PBXNativeTarget "KaiWatch" */ = {
			isa = XCConfigurationList;
			buildConfigurations = (
				AE41FA342DB7BC4C00C47B5B /* Debug */,
				AE41FA352DB7BC4C00C47B5B /* Release */,
			);
			defaultConfigurationIsVisible = 0;
			defaultConfigurationName = Release;
		};
/* End XCConfigurationList section */

/* Begin XCRemoteSwiftPackageReference section */
		AE721A792DB7CD34002DA913 /* XCRemoteSwiftPackageReference "socket" */ = {
			isa = XCRemoteSwiftPackageReference;
			repositoryURL = "https://github.com/socketio/socket.io-client-swift";
			requirement = {
				branch = master;
				kind = branch;
			};
		};
/* End XCRemoteSwiftPackageReference section */

/* Begin XCSwiftPackageProductDependency section */
		AE721A7A2DB7CD34002DA913 /* SocketIO */ = {
			isa = XCSwiftPackageProductDependency;
			package = AE721A792DB7CD34002DA913 /* XCRemoteSwiftPackageReference "socket" */;
			productName = SocketIO;
		};
/* End XCSwiftPackageProductDependency section */
	};
	rootObject = AE41FA132DB7BC4B00C47B5B /* Project object */;
}
